
Microsoft Visual Studio Solution File, Format Version 12.00
Project("{FAE04EC0-301F-11D3-BF4B-00C04F79EFBC}") = "Service", "Service\Service.csproj", "{A589CF17-3D26-4490-A075-191A0EBFFF19}"
EndProject
Project("{2150E333-8FDC-42A3-9474-1A3956D46DE8}") = "SolutionItems", "SolutionItems", "{93AC98CA-B17D-49FD-AEAB-A4D0AE8D3FD5}"
	ProjectSection(SolutionItems) = preProject
		.gitignore = .gitignore
		paket.dependencies = paket.dependencies
		paket.lock = paket.lock
	EndProjectSection
EndProject
Project("{FAE04EC0-301F-11D3-BF4B-00C04F79EFBC}") = "Util", "Util\Util.csproj", "{427935CE-7E13-4C33-A589-F60B1D67F8CA}"
EndProject
Global
	GlobalSection(SolutionConfigurationPlatforms) = preSolution
		Debug|Any CPU = Debug|Any CPU
		Release|Any CPU = Release|Any CPU
	EndGlobalSection
	GlobalSection(ProjectConfigurationPlatforms) = postSolution
		{A589CF17-3D26-4490-A075-191A0EBFFF19}.Debug|Any CPU.ActiveCfg = Debug|Any CPU
		{A589CF17-3D26-4490-A075-191A0EBFFF19}.Debug|Any CPU.Build.0 = Debug|Any CPU
		{A589CF17-3D26-4490-A075-191A0EBFFF19}.Release|Any CPU.ActiveCfg = Release|Any CPU
		{A589CF17-3D26-4490-A075-191A0EBFFF19}.Release|Any CPU.Build.0 = Release|Any CPU
		{427935CE-7E13-4C33-A589-F60B1D67F8CA}.Debug|Any CPU.ActiveCfg = Debug|Any CPU
		{427935CE-7E13-4C33-A589-F60B1D67F8CA}.Debug|Any CPU.Build.0 = Debug|Any CPU
		{427935CE-7E13-4C33-A589-F60B1D67F8CA}.Release|Any CPU.ActiveCfg = Release|Any CPU
		{427935CE-7E13-4C33-A589-F60B1D67F8CA}.Release|Any CPU.Build.0 = Release|Any CPU
	EndGlobalSection
EndGlobal
